
Microsoft Visual Studio Solution File, Format Version 12.00
# Visual Studio Version 17
VisualStudioVersion = 17.13.35931.197 d17.13
MinimumVisualStudioVersion = 10.0.40219.1
Project("{FAE04EC0-301F-11D3-BF4B-00C04F79EFBC}") = "FadUI", "FadUI\FadUI.csproj", "{5063392B-D7B0-4515-B0EF-97E98E688255}"
EndProject
Project("{FAE04EC0-301F-11D3-BF4B-00C04F79EFBC}") = "FadUI.Test", "FadUI.Test\FadUI.Test.csproj", "{3D336215-489F-418B-8882-CE313AE69409}"
	ProjectSection(ProjectDependencies) = postProject
		{5063392B-D7B0-4515-B0EF-97E98E688255} = {5063392B-D7B0-4515-B0EF-97E98E688255}
	EndProjectSection
EndProject
Global
	GlobalSection(SolutionConfigurationPlatforms) = preSolution
		Debug|Any CPU = Debug|Any CPU
		Release|Any CPU = Release|Any CPU
	EndGlobalSection
	GlobalSection(ProjectConfigurationPlatforms) = postSolution
		{5063392B-D7B0-4515-B0EF-97E98E688255}.Debug|Any CPU.ActiveCfg = Debug|Any CPU
		{5063392B-D7B0-4515-B0EF-97E98E688255}.Debug|Any CPU.Build.0 = Debug|Any CPU
		{5063392B-D7B0-4515-B0EF-97E98E688255}.Release|Any CPU.ActiveCfg = Release|Any CPU
		{5063392B-D7B0-4515-B0EF-97E98E688255}.Release|Any CPU.Build.0 = Release|Any CPU
		{3D336215-489F-418B-8882-CE313AE69409}.Debug|Any CPU.ActiveCfg = Debug|Any CPU
		{3D336215-489F-418B-8882-CE313AE69409}.Debug|Any CPU.Build.0 = Debug|Any CPU
		{3D336215-489F-418B-8882-CE313AE69409}.Release|Any CPU.ActiveCfg = Release|Any CPU
		{3D336215-489F-418B-8882-CE313AE69409}.Release|Any CPU.Build.0 = Release|Any CPU
	EndGlobalSection
	GlobalSection(SolutionProperties) = preSolution
		HideSolutionNode = FALSE
	EndGlobalSection
	GlobalSection(ExtensibilityGlobals) = postSolution
		SolutionGuid = {CDB1E4B4-882B-41D5-8B5A-C119A3A81194}
	EndGlobalSection
EndGlobal
